
Microsoft Visual Studio Solution File, Format Version 12.00
# Visual Studio Version 16
VisualStudioVersion = 16.0.30204.135
MinimumVisualStudioVersion = 10.0.40219.1
Project("{9A19103F-16F7-4668-BE54-9A1E7A4F7556}") = "AntDesign.Colors", "AntDesign.Color\AntDesign.Colors.csproj", "{DD231F73-FD58-48B0-8EF0-B73428DA0BE9}"
EndProject
Project("{FAE04EC0-301F-11D3-BF4B-00C04F79EFBC}") = "AntDesign.ColorsTests", "AntDesign.ColorsTests\AntDesign.ColorsTests.csproj", "{F7F80C3C-A883-4E1E-9771-D3B106CC89D6}"
EndProject
Global
	GlobalSection(SolutionConfigurationPlatforms) = preSolution
		Debug|Any CPU = Debug|Any CPU
		Release|Any CPU = Release|Any CPU
	EndGlobalSection
	GlobalSection(ProjectConfigurationPlatforms) = postSolution
		{DD231F73-FD58-48B0-8EF0-B73428DA0BE9}.Debug|Any CPU.ActiveCfg = Debug|Any CPU
		{DD231F73-FD58-48B0-8EF0-B73428DA0BE9}.Debug|Any CPU.Build.0 = Debug|Any CPU
		{DD231F73-FD58-48B0-8EF0-B73428DA0BE9}.Release|Any CPU.ActiveCfg = Release|Any CPU
		{DD231F73-FD58-48B0-8EF0-B73428DA0BE9}.Release|Any CPU.Build.0 = Release|Any CPU
		{F7F80C3C-A883-4E1E-9771-D3B106CC89D6}.Debug|Any CPU.ActiveCfg = Debug|Any CPU
		{F7F80C3C-A883-4E1E-9771-D3B106CC89D6}.Debug|Any CPU.Build.0 = Debug|Any CPU
		{F7F80C3C-A883-4E1E-9771-D3B106CC89D6}.Release|Any CPU.ActiveCfg = Release|Any CPU
		{F7F80C3C-A883-4E1E-9771-D3B106CC89D6}.Release|Any CPU.Build.0 = Release|Any CPU
	EndGlobalSection
	GlobalSection(SolutionProperties) = preSolution
		HideSolutionNode = FALSE
	EndGlobalSection
	GlobalSection(ExtensibilityGlobals) = postSolution
		SolutionGuid = {29509EEC-44A6-4670-9860-CFEF90726B4B}
	EndGlobalSection
EndGlobal
